// !$*UTF8*$!
{
	archiveVersion = 1;
	classes = {
	};
	objectVersion = 50;
	objects = {

/* Begin PBXBuildFile section */
		86E7390D268B9D920062C7A3 /* AppDelegate.swift in Sources */ = {isa = PBXBuildFile; fileRef = 86E7390C268B9D920062C7A3 /* AppDelegate.swift */; };
		86E7390F268B9D920062C7A3 /* SceneDelegate.swift in Sources */ = {isa = PBXBuildFile; fileRef = 86E7390E268B9D920062C7A3 /* SceneDelegate.swift */; };
		86E73911268B9D920062C7A3 /* ViewController.swift in Sources */ = {isa = PBXBuildFile; fileRef = 86E73910268B9D920062C7A3 /* ViewController.swift */; };
		86E73914268B9D920062C7A3 /* Main.storyboard in Resources */ = {isa = PBXBuildFile; fileRef = 86E73912268B9D920062C7A3 /* Main.storyboard */; };
		86E73917268B9D920062C7A3 /* tempoApp.xcdatamodeld in Sources */ = {isa = PBXBuildFile; fileRef = 86E73915268B9D920062C7A3 /* tempoApp.xcdatamodeld */; };
		86E73919268B9D940062C7A3 /* Assets.xcassets in Resources */ = {isa = PBXBuildFile; fileRef = 86E73918268B9D940062C7A3 /* Assets.xcassets */; };
		86E7391C268B9D940062C7A3 /* LaunchScreen.storyboard in Resources */ = {isa = PBXBuildFile; fileRef = 86E7391A268B9D940062C7A3 /* LaunchScreen.storyboard */; };
/* End PBXBuildFile section */

/* Begin PBXFileReference section */
		86E73909268B9D920062C7A3 /* tempoApp.app */ = {isa = PBXFileReference; explicitFileType = wrapper.application; includeInIndex = 0; path = tempoApp.app; sourceTree = BUILT_PRODUCTS_DIR; };
		86E7390C268B9D920062C7A3 /* AppDelegate.swift */ = {isa = PBXFileReference; lastKnownFileType = sourcecode.swift; path = AppDelegate.swift; sourceTree = "<group>"; };
		86E7390E268B9D920062C7A3 /* SceneDelegate.swift */ = {isa = PBXFileReference; lastKnownFileType = sourcecode.swift; path = SceneDelegate.swift; sourceTree = "<group>"; };
		86E73910268B9D920062C7A3 /* ViewController.swift */ = {isa = PBXFileReference; lastKnownFileType = sourcecode.swift; path = ViewController.swift; sourceTree = "<group>"; };
		86E73913268B9D920062C7A3 /* Base */ = {isa = PBXFileReference; lastKnownFileType = file.storyboard; name = Base; path = Base.lproj/Main.storyboard; sourceTree = "<group>"; };
		86E73916268B9D920062C7A3 /* tempoApp.xcdatamodel */ = {isa = PBXFileReference; lastKnownFileType = wrapper.xcdatamodel; path = tempoApp.xcdatamodel; sourceTree = "<group>"; };
		86E73918268B9D940062C7A3 /* Assets.xcassets */ = {isa = PBXFileReference; lastKnownFileType = folder.assetcatalog; path = Assets.xcassets; sourceTree = "<group>"; };
		86E7391B268B9D940062C7A3 /* Base */ = {isa = PBXFileReference; lastKnownFileType = file.storyboard; name = Base; path = Base.lproj/LaunchScreen.storyboard; sourceTree = "<group>"; };
		86E7391D268B9D940062C7A3 /* Info.plist */ = {isa = PBXFileReference; lastKnownFileType = text.plist.xml; path = Info.plist; sourceTree = "<group>"; };
/* End PBXFileReference section */

/* Begin PBXFrameworksBuildPhase section */
		86E73906268B9D920062C7A3 /* Frameworks */ = {
			isa = PBXFrameworksBuildPhase;
			buildActionMask = 2147483647;
			files = (
			);
			runOnlyForDeploymentPostprocessing = 0;
		};
/* End PBXFrameworksBuildPhase section */

/* Begin PBXGroup section */
		86E73900268B9D920062C7A3 = {
			isa = PBXGroup;
			children = (
				86E7390B268B9D920062C7A3 /* tempoApp */,
				86E7390A268B9D920062C7A3 /* Products */,
			);
			sourceTree = "<group>";
		};
		86E7390A268B9D920062C7A3 /* Products */ = {
			isa = PBXGroup;
			children = (
				86E73909268B9D920062C7A3 /* tempoApp.app */,
			);
			name = Products;
			sourceTree = "<group>";
		};
		86E7390B268B9D920062C7A3 /* tempoApp */ = {
			isa = PBXGroup;
			children = (
				86E7390C268B9D920062C7A3 /* AppDelegate.swift */,
				86E7390E268B9D920062C7A3 /* SceneDelegate.swift */,
				86E73910268B9D920062C7A3 /* ViewController.swift */,
				86E73912268B9D920062C7A3 /* Main.storyboard */,
				86E73918268B9D940062C7A3 /* Assets.xcassets */,
				86E7391A268B9D940062C7A3 /* LaunchScreen.storyboard */,
				86E7391D268B9D940062C7A3 /* Info.plist */,
				86E73915268B9D920062C7A3 /* tempoApp.xcdatamodeld */,
			);
			path = tempoApp;
			sourceTree = "<group>";
		};
/* End PBXGroup section */

/* Begin PBXNativeTarget section */
		86E73908268B9D920062C7A3 /* tempoApp */ = {
			isa = PBXNativeTarget;
			buildConfigurationList = 86E73920268B9D940062C7A3 /* Build configuration list for PBXNativeTarget "tempoApp" */;
			buildPhases = (
				86E73905268B9D920062C7A3 /* Sources */,
				86E73906268B9D920062C7A3 /* Frameworks */,
				86E73907268B9D920062C7A3 /* Resources */,
			);
			buildRules = (
			);
			dependencies = (
			);
			name = tempoApp;
			productName = tempoApp;
			productReference = 86E73909268B9D920062C7A3 /* tempoApp.app */;
			productType = "com.apple.product-type.application";
		};
/* End PBXNativeTarget section */

/* Begin PBXProject section */
		86E73901268B9D920062C7A3 /* Project object */ = {
			isa = PBXProject;
			attributes = {
				LastSwiftUpdateCheck = 1250;
				LastUpgradeCheck = 1250;
				TargetAttributes = {
					86E73908268B9D920062C7A3 = {
						CreatedOnToolsVersion = 12.5.1;
					};
				};
			};
			buildConfigurationList = 86E73904268B9D920062C7A3 /* Build configuration list for PBXProject "tempoApp" */;
			compatibilityVersion = "Xcode 9.3";
			developmentRegion = en;
			hasScannedForEncodings = 0;
			knownRegions = (
				en,
				Base,
			);
			mainGroup = 86E73900268B9D920062C7A3;
			productRefGroup = 86E7390A268B9D920062C7A3 /* Products */;
			projectDirPath = "";
			projectRoot = "";
			targets = (
				86E73908268B9D920062C7A3 /* tempoApp */,
			);
		};
/* End PBXProject section */

/* Begin PBXResourcesBuildPhase section */
		86E73907268B9D920062C7A3 /* Resources */ = {
			isa = PBXResourcesBuildPhase;
			buildActionMask = 2147483647;
			files = (
				86E7391C268B9D940062C7A3 /* LaunchScreen.storyboard in Resources */,
				86E73919268B9D940062C7A3 /* Assets.xcassets in Resources */,
				86E73914268B9D920062C7A3 /* Main.storyboard in Resources */,
			);
			runOnlyForDeploymentPostprocessing = 0;
		};
/* End PBXResourcesBuildPhase section */

/* Begin PBXSourcesBuildPhase section */
		86E73905268B9D920062C7A3 /* Sources */ = {
			isa = PBXSourcesBuildPhase;
			buildActionMask = 2147483647;
			files = (
				86E73911268B9D920062C7A3 /* ViewController.swift in Sources */,
				86E7390D268B9D920062C7A3 /* AppDelegate.swift in Sources */,
				86E7390F268B9D920062C7A3 /* SceneDelegate.swift in Sources */,
				86E73917268B9D920062C7A3 /* tempoApp.xcdatamodeld in Sources */,
			);
			runOnlyForDeploymentPostprocessing = 0;
		};
/* End PBXSourcesBuildPhase section */

/* Begin PBXVariantGroup section */
		86E73912268B9D920062C7A3 /* Main.storyboard */ = {
			isa = PBXVariantGroup;
			children = (
				86E73913268B9D920062C7A3 /* Base */,
			);
			name = Main.storyboard;
			sourceTree = "<group>";
		};
		86E7391A268B9D940062C7A3 /* LaunchScreen.storyboard */ = {
			isa = PBXVariantGroup;
			children = (
				86E7391B268B9D940062C7A3 /* Base */,
			);
			name = LaunchScreen.storyboard;
			sourceTree = "<group>";
		};
/* End PBXVariantGroup section */

/* Begin XCBuildConfiguration section */
		86E7391E268B9D940062C7A3 /* Debug */ = {
			isa = XCBuildConfiguration;
			buildSettings = {
				ALWAYS_SEARCH_USER_PATHS = NO;
				CLANG_ANALYZER_NONNULL = YES;
				CLANG_ANALYZER_NUMBER_OBJECT_CONVERSION = YES_AGGRESSIVE;
				CLANG_CXX_LANGUAGE_STANDARD = "gnu++14";
				CLANG_CXX_LIBRARY = "libc++";
				CLANG_ENABLE_MODULES = YES;
				CLANG_ENABLE_OBJC_ARC = YES;
				CLANG_ENABLE_OBJC_WEAK = YES;
				CLANG_WARN_BLOCK_CAPTURE_AUTORELEASING = YES;
				CLANG_WARN_BOOL_CONVERSION = YES;
				CLANG_WARN_COMMA = YES;
				CLANG_WARN_CONSTANT_CONVERSION = YES;
				CLANG_WARN_DEPRECATED_OBJC_IMPLEMENTATIONS = YES;
				CLANG_WARN_DIRECT_OBJC_ISA_USAGE = YES_ERROR;
				CLANG_WARN_DOCUMENTATION_COMMENTS = YES;
				CLANG_WARN_EMPTY_BODY = YES;
				CLANG_WARN_ENUM_CONVERSION = YES;
				CLANG_WARN_INFINITE_RECURSION = YES;
				CLANG_WARN_INT_CONVERSION = YES;
				CLANG_WARN_NON_LITERAL_NULL_CONVERSION = YES;
				CLANG_WARN_OBJC_IMPLICIT_RETAIN_SELF = YES;
				CLANG_WARN_OBJC_LITERAL_CONVERSION = YES;
				CLANG_WARN_OBJC_ROOT_CLASS = YES_ERROR;
				CLANG_WARN_QUOTED_INCLUDE_IN_FRAMEWORK_HEADER = YES;
				CLANG_WARN_RANGE_LOOP_ANALYSIS = YES;
				CLANG_WARN_STRICT_PROTOTYPES = YES;
				CLANG_WARN_SUSPICIOUS_MOVE = YES;
				CLANG_WARN_UNGUARDED_AVAILABILITY = YES_AGGRESSIVE;
				CLANG_WARN_UNREACHABLE_CODE = YES;
				CLANG_WARN__DUPLICATE_METHOD_MATCH = YES;
				COPY_PHASE_STRIP = NO;
				DEBUG_INFORMATION_FORMAT = dwarf;
				ENABLE_STRICT_OBJC_MSGSEND = YES;
				ENABLE_TESTABILITY = YES;
				GCC_C_LANGUAGE_STANDARD = gnu11;
				GCC_DYNAMIC_NO_PIC = NO;
				GCC_NO_COMMON_BLOCKS = YES;
				GCC_OPTIMIZATION_LEVEL = 0;
				GCC_PREPROCESSOR_DEFINITIONS = (
					"DEBUG=1",
					"$(inherited)",
				);
				GCC_WARN_64_TO_32_BIT_CONVERSION = YES;
				GCC_WARN_ABOUT_RETURN_TYPE = YES_ERROR;
				GCC_WARN_UNDECLARED_SELECTOR = YES;
				GCC_WARN_UNINITIALIZED_AUTOS = YES_AGGRESSIVE;
				GCC_WARN_UNUSED_FUNCTION = YES;
				GCC_WARN_UNUSED_VARIABLE = YES;
				IPHONEOS_DEPLOYMENT_TARGET = 14.5;
				MTL_ENABLE_DEBUG_INFO = INCLUDE_SOURCE;
				MTL_FAST_MATH = YES;
				ONLY_ACTIVE_ARCH = YES;
				SDKROOT = iphoneos;
				SWIFT_ACTIVE_COMPILATION_CONDITIONS = DEBUG;
				SWIFT_OPTIMIZATION_LEVEL = "-Onone";
			};
			name = Debug;
		};
		86E7391F268B9D940062C7A3 /* Release */ = {
			isa = XCBuildConfiguration;
			buildSettings = {
				ALWAYS_SEARCH_USER_PATHS = NO;
				CLANG_ANALYZER_NONNULL = YES;
				CLANG_ANALYZER_NUMBER_OBJECT_CONVERSION = YES_AGGRESSIVE;
				CLANG_CXX_LANGUAGE_STANDARD = "gnu++14";
				CLANG_CXX_LIBRARY = "libc++";
				CLANG_ENABLE_MODULES = YES;
				CLANG_ENABLE_OBJC_ARC = YES;
				CLANG_ENABLE_OBJC_WEAK = YES;
				CLANG_WARN_BLOCK_CAPTURE_AUTORELEASING = YES;
				CLANG_WARN_BOOL_CONVERSION = YES;
				CLANG_WARN_COMMA = YES;
				CLANG_WARN_CONSTANT_CONVERSION = YES;
				CLANG_WARN_DEPRECATED_OBJC_IMPLEMENTATIONS = YES;
				CLANG_WARN_DIRECT_OBJC_ISA_USAGE = YES_ERROR;
				CLANG_WARN_DOCUMENTATION_COMMENTS = YES;
				CLANG_WARN_EMPTY_BODY = YES;
				CLANG_WARN_ENUM_CONVERSION = YES;
				CLANG_WARN_INFINITE_RECURSION = YES;
				CLANG_WARN_INT_CONVERSION = YES;
				CLANG_WARN_NON_LITERAL_NULL_CONVERSION = YES;
				CLANG_WARN_OBJC_IMPLICIT_RETAIN_SELF = YES;
				CLANG_WARN_OBJC_LITERAL_CONVERSION = YES;
				CLANG_WARN_OBJC_ROOT_CLASS = YES_ERROR;
				CLANG_WARN_QUOTED_INCLUDE_IN_FRAMEWORK_HEADER = YES;
				CLANG_WARN_RANGE_LOOP_ANALYSIS = YES;
				CLANG_WARN_STRICT_PROTOTYPES = YES;
				CLANG_WARN_SUSPICIOUS_MOVE = YES;
				CLANG_WARN_UNGUARDED_AVAILABILITY = YES_AGGRESSIVE;
				CLANG_WARN_UNREACHABLE_CODE = YES;
				CLANG_WARN__DUPLICATE_METHOD_MATCH = YES;
				COPY_PHASE_STRIP = NO;
				DEBUG_INFORMATION_FORMAT = "dwarf-with-dsym";
				ENABLE_NS_ASSERTIONS = NO;
				ENABLE_STRICT_OBJC_MSGSEND = YES;
				GCC_C_LANGUAGE_STANDARD = gnu11;
				GCC_NO_COMMON_BLOCKS = YES;
				GCC_WARN_64_TO_32_BIT_CONVERSION = YES;
				GCC_WARN_ABOUT_RETURN_TYPE = YES_ERROR;
				GCC_WARN_UNDECLARED_SELECTOR = YES;
				GCC_WARN_UNINITIALIZED_AUTOS = YES_AGGRESSIVE;
				GCC_WARN_UNUSED_FUNCTION = YES;
				GCC_WARN_UNUSED_VARIABLE = YES;
				IPHONEOS_DEPLOYMENT_TARGET = 14.5;
				MTL_ENABLE_DEBUG_INFO = NO;
				MTL_FAST_MATH = YES;
				SDKROOT = iphoneos;
				SWIFT_COMPILATION_MODE = wholemodule;
				SWIFT_OPTIMIZATION_LEVEL = "-O";
				VALIDATE_PRODUCT = YES;
			};
			name = Release;
		};
		86E73921268B9D940062C7A3 /* Debug */ = {
			isa = XCBuildConfiguration;
			buildSettings = {
				ASSETCATALOG_COMPILER_APPICON_NAME = AppIcon;
				ASSETCATALOG_COMPILER_GLOBAL_ACCENT_COLOR_NAME = AccentColor;
				CODE_SIGN_STYLE = Automatic;
				DEVELOPMENT_TEAM = SCSCNH2S4M;
				INFOPLIST_FILE = tempoApp/Info.plist;
				LD_RUNPATH_SEARCH_PATHS = (
					"$(inherited)",
					"@executable_path/Frameworks",
				);
				PRODUCT_BUNDLE_IDENTIFIER = "Autumn-Halfpenny.tempoApp";
				PRODUCT_NAME = "$(TARGET_NAME)";
				SWIFT_VERSION = 5.0;
				TARGETED_DEVICE_FAMILY = "1,2";
			};
			name = Debug;
		};
		86E73922268B9D940062C7A3 /* Release */ = {
			isa = XCBuildConfiguration;
			buildSettings = {
				ASSETCATALOG_COMPILER_APPICON_NAME = AppIcon;
				ASSETCATALOG_COMPILER_GLOBAL_ACCENT_COLOR_NAME = AccentColor;
				CODE_SIGN_STYLE = Automatic;
				DEVELOPMENT_TEAM = SCSCNH2S4M;
				INFOPLIST_FILE = tempoApp/Info.plist;
				LD_RUNPATH_SEARCH_PATHS = (
					"$(inherited)",
					"@executable_path/Frameworks",
				);
				PRODUCT_BUNDLE_IDENTIFIER = "Autumn-Halfpenny.tempoApp";
				PRODUCT_NAME = "$(TARGET_NAME)";
				SWIFT_VERSION = 5.0;
				TARGETED_DEVICE_FAMILY = "1,2";
			};
			name = Release;
		};
/* End XCBuildConfiguration section */

/* Begin XCConfigurationList section */
		86E73904268B9D920062C7A3 /* Build configuration list for PBXProject "tempoApp" */ = {
			isa = XCConfigurationList;
			buildConfigurations = (
				86E7391E268B9D940062C7A3 /* Debug */,
				86E7391F268B9D940062C7A3 /* Release */,
			);
			defaultConfigurationIsVisible = 0;
			defaultConfigurationName = Release;
		};
		86E73920268B9D940062C7A3 /* Build configuration list for PBXNativeTarget "tempoApp" */ = {
			isa = XCConfigurationList;
			buildConfigurations = (
				86E73921268B9D940062C7A3 /* Debug */,
				86E73922268B9D940062C7A3 /* Release */,
			);
			defaultConfigurationIsVisible = 0;
			defaultConfigurationName = Release;
		};
/* End XCConfigurationList section */

/* Begin XCVersionGroup section */
		86E73915268B9D920062C7A3 /* tempoApp.xcdatamodeld */ = {
			isa = XCVersionGroup;
			children = (
				86E73916268B9D920062C7A3 /* tempoApp.xcdatamodel */,
			);
			currentVersion = 86E73916268B9D920062C7A3 /* tempoApp.xcdatamodel */;
			path = tempoApp.xcdatamodeld;
			sourceTree = "<group>";
			versionGroupType = wrapper.xcdatamodel;
		};
/* End XCVersionGroup section */
	};
	rootObject = 86E73901268B9D920062C7A3 /* Project object */;
}
